{
  "name": "ptp",
  "version": "1.0.0",
  "lockfileVersion": 3,
  "requires": true,
  "packages": {
    "": {
      "name": "ptp",
      "version": "1.0.0",
      "license": "ISC",
      "dependencies": {
        "simple-icons": "^14.12.2"
      }
    },
    "node_modules/simple-icons": {
      "version": "14.12.2",
      "resolved": "https://registry.npmjs.org/simple-icons/-/simple-icons-14.12.2.tgz",
      "integrity": "sha512-8lPw9eWujv+zoSJWOuO3ZGTCV/n6KAGchj05+f83YPFg1rDjixziq39QvgUQJtiqiuDbY+d2sqaBf4R+Pygh9g==",
      "license": "CC0-1.0",
      "engines": {
        "node": ">=0.12.18"
      },
      "funding": {
        "type": "opencollective",
        "url": "https://opencollective.com/simple-icons"
      }
    }
  }
}
